
Microsoft Visual Studio Solution File, Format Version 12.00
# Visual Studio 14
VisualStudioVersion = 14.0.25123.0
MinimumVisualStudioVersion = 10.0.40219.1
Project("{FAE04EC0-301F-11D3-BF4B-00C04F79EFBC}") = "CanonicalEquation", "CanonicalEquation\CanonicalEquation.csproj", "{672CC622-924E-4028-8621-905BDCF0793B}"
EndProject
Project("{FAE04EC0-301F-11D3-BF4B-00C04F79EFBC}") = "CanonicalEquation.Tests", "CanonicalEquation.Tests\CanonicalEquation.Tests.csproj", "{FD999AD4-29F5-489C-9386-1DA79815A86D}"
EndProject
Global
	GlobalSection(SolutionConfigurationPlatforms) = preSolution
		Debug|Any CPU = Debug|Any CPU
		Release|Any CPU = Release|Any CPU
	EndGlobalSection
	GlobalSection(ProjectConfigurationPlatforms) = postSolution
		{672CC622-924E-4028-8621-905BDCF0793B}.Debug|Any CPU.ActiveCfg = Debug|Any CPU
		{672CC622-924E-4028-8621-905BDCF0793B}.Debug|Any CPU.Build.0 = Debug|Any CPU
		{672CC622-924E-4028-8621-905BDCF0793B}.Release|Any CPU.ActiveCfg = Release|Any CPU
		{672CC622-924E-4028-8621-905BDCF0793B}.Release|Any CPU.Build.0 = Release|Any CPU
		{FD999AD4-29F5-489C-9386-1DA79815A86D}.Debug|Any CPU.ActiveCfg = Debug|Any CPU
		{FD999AD4-29F5-489C-9386-1DA79815A86D}.Debug|Any CPU.Build.0 = Debug|Any CPU
		{FD999AD4-29F5-489C-9386-1DA79815A86D}.Release|Any CPU.ActiveCfg = Release|Any CPU
		{FD999AD4-29F5-489C-9386-1DA79815A86D}.Release|Any CPU.Build.0 = Release|Any CPU
	EndGlobalSection
	GlobalSection(SolutionProperties) = preSolution
		HideSolutionNode = FALSE
	EndGlobalSection
EndGlobal
